
Microsoft Visual Studio Solution File, Format Version 12.00
# Visual Studio Version 17
VisualStudioVersion = 17.14.36414.22
MinimumVisualStudioVersion = 10.0.40219.1
Project("{FAE04EC0-301F-11D3-BF4B-00C04F79EFBC}") = "PassoDeFe.API", "PassoDeFe.API\PassoDeFe.API.csproj", "{E0F76510-3984-4857-A2D2-3A70C474CBBB}"
EndProject
Project("{FAE04EC0-301F-11D3-BF4B-00C04F79EFBC}") = "PassoDeFe.Domain", "PassoDeFe.Domain\PassoDeFe.Domain.csproj", "{C6092D43-06D9-4A08-B08C-CC7A5370E337}"
EndProject
Project("{FAE04EC0-301F-11D3-BF4B-00C04F79EFBC}") = "PassoDeFe.Application", "PassoDeFe.Application\PassoDeFe.Application.csproj", "{50B0CC1F-93F4-40E7-BCC2-6669DAF7EEF5}"
EndProject
Project("{FAE04EC0-301F-11D3-BF4B-00C04F79EFBC}") = "PassoDeFe.Infrastructure", "PassoDeFe.Infrastructure\PassoDeFe.Infrastructure.csproj", "{B7E6EB2D-8449-4F1A-93AE-883F2E7288CD}"
EndProject
Project("{FAE04EC0-301F-11D3-BF4B-00C04F79EFBC}") = "PassoDeFe.Tests", "PassoDeFe.Tests\PassoDeFe.Tests.csproj", "{7AEBAAE1-2AE0-42BF-836C-4FE16EEFBC82}"
EndProject
Global
	GlobalSection(SolutionConfigurationPlatforms) = preSolution
		Debug|Any CPU = Debug|Any CPU
		Debug|x64 = Debug|x64
		Debug|x86 = Debug|x86
		Release|Any CPU = Release|Any CPU
		Release|x64 = Release|x64
		Release|x86 = Release|x86
	EndGlobalSection
	GlobalSection(ProjectConfigurationPlatforms) = postSolution
		{E0F76510-3984-4857-A2D2-3A70C474CBBB}.Debug|Any CPU.ActiveCfg = Debug|Any CPU
		{E0F76510-3984-4857-A2D2-3A70C474CBBB}.Debug|Any CPU.Build.0 = Debug|Any CPU
		{E0F76510-3984-4857-A2D2-3A70C474CBBB}.Debug|x64.ActiveCfg = Debug|Any CPU
		{E0F76510-3984-4857-A2D2-3A70C474CBBB}.Debug|x64.Build.0 = Debug|Any CPU
		{E0F76510-3984-4857-A2D2-3A70C474CBBB}.Debug|x86.ActiveCfg = Debug|Any CPU
		{E0F76510-3984-4857-A2D2-3A70C474CBBB}.Debug|x86.Build.0 = Debug|Any CPU
		{E0F76510-3984-4857-A2D2-3A70C474CBBB}.Release|Any CPU.ActiveCfg = Release|Any CPU
		{E0F76510-3984-4857-A2D2-3A70C474CBBB}.Release|Any CPU.Build.0 = Release|Any CPU
		{E0F76510-3984-4857-A2D2-3A70C474CBBB}.Release|x64.ActiveCfg = Release|Any CPU
		{E0F76510-3984-4857-A2D2-3A70C474CBBB}.Release|x64.Build.0 = Release|Any CPU
		{E0F76510-3984-4857-A2D2-3A70C474CBBB}.Release|x86.ActiveCfg = Release|Any CPU
		{E0F76510-3984-4857-A2D2-3A70C474CBBB}.Release|x86.Build.0 = Release|Any CPU
		{C6092D43-06D9-4A08-B08C-CC7A5370E337}.Debug|Any CPU.ActiveCfg = Debug|Any CPU
		{C6092D43-06D9-4A08-B08C-CC7A5370E337}.Debug|Any CPU.Build.0 = Debug|Any CPU
		{C6092D43-06D9-4A08-B08C-CC7A5370E337}.Debug|x64.ActiveCfg = Debug|Any CPU
		{C6092D43-06D9-4A08-B08C-CC7A5370E337}.Debug|x64.Build.0 = Debug|Any CPU
		{C6092D43-06D9-4A08-B08C-CC7A5370E337}.Debug|x86.ActiveCfg = Debug|Any CPU
		{C6092D43-06D9-4A08-B08C-CC7A5370E337}.Debug|x86.Build.0 = Debug|Any CPU
		{C6092D43-06D9-4A08-B08C-CC7A5370E337}.Release|Any CPU.ActiveCfg = Release|Any CPU
		{C6092D43-06D9-4A08-B08C-CC7A5370E337}.Release|Any CPU.Build.0 = Release|Any CPU
		{C6092D43-06D9-4A08-B08C-CC7A5370E337}.Release|x64.ActiveCfg = Release|Any CPU
		{C6092D43-06D9-4A08-B08C-CC7A5370E337}.Release|x64.Build.0 = Release|Any CPU
		{C6092D43-06D9-4A08-B08C-CC7A5370E337}.Release|x86.ActiveCfg = Release|Any CPU
		{C6092D43-06D9-4A08-B08C-CC7A5370E337}.Release|x86.Build.0 = Release|Any CPU
		{50B0CC1F-93F4-40E7-BCC2-6669DAF7EEF5}.Debug|Any CPU.ActiveCfg = Debug|Any CPU
		{50B0CC1F-93F4-40E7-BCC2-6669DAF7EEF5}.Debug|Any CPU.Build.0 = Debug|Any CPU
		{50B0CC1F-93F4-40E7-BCC2-6669DAF7EEF5}.Debug|x64.ActiveCfg = Debug|Any CPU
		{50B0CC1F-93F4-40E7-BCC2-6669DAF7EEF5}.Debug|x64.Build.0 = Debug|Any CPU
		{50B0CC1F-93F4-40E7-BCC2-6669DAF7EEF5}.Debug|x86.ActiveCfg = Debug|Any CPU
		{50B0CC1F-93F4-40E7-BCC2-6669DAF7EEF5}.Debug|x86.Build.0 = Debug|Any CPU
		{50B0CC1F-93F4-40E7-BCC2-6669DAF7EEF5}.Release|Any CPU.ActiveCfg = Release|Any CPU
		{50B0CC1F-93F4-40E7-BCC2-6669DAF7EEF5}.Release|Any CPU.Build.0 = Release|Any CPU
		{50B0CC1F-93F4-40E7-BCC2-6669DAF7EEF5}.Release|x64.ActiveCfg = Release|Any CPU
		{50B0CC1F-93F4-40E7-BCC2-6669DAF7EEF5}.Release|x64.Build.0 = Release|Any CPU
		{50B0CC1F-93F4-40E7-BCC2-6669DAF7EEF5}.Release|x86.ActiveCfg = Release|Any CPU
		{50B0CC1F-93F4-40E7-BCC2-6669DAF7EEF5}.Release|x86.Build.0 = Release|Any CPU
		{B7E6EB2D-8449-4F1A-93AE-883F2E7288CD}.Debug|Any CPU.ActiveCfg = Debug|Any CPU
		{B7E6EB2D-8449-4F1A-93AE-883F2E7288CD}.Debug|Any CPU.Build.0 = Debug|Any CPU
		{B7E6EB2D-8449-4F1A-93AE-883F2E7288CD}.Debug|x64.ActiveCfg = Debug|Any CPU
		{B7E6EB2D-8449-4F1A-93AE-883F2E7288CD}.Debug|x64.Build.0 = Debug|Any CPU
		{B7E6EB2D-8449-4F1A-93AE-883F2E7288CD}.Debug|x86.ActiveCfg = Debug|Any CPU
		{B7E6EB2D-8449-4F1A-93AE-883F2E7288CD}.Debug|x86.Build.0 = Debug|Any CPU
		{B7E6EB2D-8449-4F1A-93AE-883F2E7288CD}.Release|Any CPU.ActiveCfg = Release|Any CPU
		{B7E6EB2D-8449-4F1A-93AE-883F2E7288CD}.Release|Any CPU.Build.0 = Release|Any CPU
		{B7E6EB2D-8449-4F1A-93AE-883F2E7288CD}.Release|x64.ActiveCfg = Release|Any CPU
		{B7E6EB2D-8449-4F1A-93AE-883F2E7288CD}.Release|x64.Build.0 = Release|Any CPU
		{B7E6EB2D-8449-4F1A-93AE-883F2E7288CD}.Release|x86.ActiveCfg = Release|Any CPU
		{B7E6EB2D-8449-4F1A-93AE-883F2E7288CD}.Release|x86.Build.0 = Release|Any CPU
		{7AEBAAE1-2AE0-42BF-836C-4FE16EEFBC82}.Debug|Any CPU.ActiveCfg = Debug|Any CPU
		{7AEBAAE1-2AE0-42BF-836C-4FE16EEFBC82}.Debug|Any CPU.Build.0 = Debug|Any CPU
		{7AEBAAE1-2AE0-42BF-836C-4FE16EEFBC82}.Debug|x64.ActiveCfg = Debug|Any CPU
		{7AEBAAE1-2AE0-42BF-836C-4FE16EEFBC82}.Debug|x64.Build.0 = Debug|Any CPU
		{7AEBAAE1-2AE0-42BF-836C-4FE16EEFBC82}.Debug|x86.ActiveCfg = Debug|Any CPU
		{7AEBAAE1-2AE0-42BF-836C-4FE16EEFBC82}.Debug|x86.Build.0 = Debug|Any CPU
		{7AEBAAE1-2AE0-42BF-836C-4FE16EEFBC82}.Release|Any CPU.ActiveCfg = Release|Any CPU
		{7AEBAAE1-2AE0-42BF-836C-4FE16EEFBC82}.Release|Any CPU.Build.0 = Release|Any CPU
		{7AEBAAE1-2AE0-42BF-836C-4FE16EEFBC82}.Release|x64.ActiveCfg = Release|Any CPU
		{7AEBAAE1-2AE0-42BF-836C-4FE16EEFBC82}.Release|x64.Build.0 = Release|Any CPU
		{7AEBAAE1-2AE0-42BF-836C-4FE16EEFBC82}.Release|x86.ActiveCfg = Release|Any CPU
		{7AEBAAE1-2AE0-42BF-836C-4FE16EEFBC82}.Release|x86.Build.0 = Release|Any CPU
	EndGlobalSection
	GlobalSection(SolutionProperties) = preSolution
		HideSolutionNode = FALSE
	EndGlobalSection
	GlobalSection(ExtensibilityGlobals) = postSolution
		SolutionGuid = {93F751E9-3373-4E12-B2B8-B43ACCD42BCE}
	EndGlobalSection
EndGlobal
